
Microsoft Visual Studio Solution File, Format Version 12.00
# Visual Studio Version 17
VisualStudioVersion = 17.10.35004.147
MinimumVisualStudioVersion = 10.0.40219.1
Project("{FAE04EC0-301F-11D3-BF4B-00C04F79EFBC}") = "SnakeConsole", "SnakeConsole\SnakeConsole.csproj", "{CC978AE4-F961-428D-81BD-283D5963AE65}"
EndProject
Global
	GlobalSection(SolutionConfigurationPlatforms) = preSolution
		Debug|Any CPU = Debug|Any CPU
		Release|Any CPU = Release|Any CPU
	EndGlobalSection
	GlobalSection(ProjectConfigurationPlatforms) = postSolution
		{CC978AE4-F961-428D-81BD-283D5963AE65}.Debug|Any CPU.ActiveCfg = Debug|Any CPU
		{CC978AE4-F961-428D-81BD-283D5963AE65}.Debug|Any CPU.Build.0 = Debug|Any CPU
		{CC978AE4-F961-428D-81BD-283D5963AE65}.Release|Any CPU.ActiveCfg = Release|Any CPU
		{CC978AE4-F961-428D-81BD-283D5963AE65}.Release|Any CPU.Build.0 = Release|Any CPU
	EndGlobalSection
	GlobalSection(SolutionProperties) = preSolution
		HideSolutionNode = FALSE
	EndGlobalSection
	GlobalSection(ExtensibilityGlobals) = postSolution
		SolutionGuid = {E3369D87-7A9F-421D-B841-276F95E5F5AB}
	EndGlobalSection
EndGlobal
